// !$*UTF8*$!
{
	archiveVersion = 1;
	classes = {
	};
	objectVersion = 46;
	objects = {

/* Begin PBXBuildFile section */
		0F2BE70C1DD6D0D600D71039 /* AppDelegate.swift in Sources */ = {isa = PBXBuildFile; fileRef = 0F2BE70B1DD6D0D600D71039 /* AppDelegate.swift */; };
		0F2BE7131DD6D0D600D71039 /* Assets.xcassets in Resources */ = {isa = PBXBuildFile; fileRef = 0F2BE7121DD6D0D600D71039 /* Assets.xcassets */; };
		0F2BE7161DD6D0D600D71039 /* LaunchScreen.storyboard in Resources */ = {isa = PBXBuildFile; fileRef = 0F2BE7141DD6D0D600D71039 /* LaunchScreen.storyboard */; };
		0F313C391DE1272B00587DEC /* PlannedDay.swift in Sources */ = {isa = PBXBuildFile; fileRef = 0F313C381DE1272B00587DEC /* PlannedDay.swift */; };
		0F313C3B1DE2916400587DEC /* CountDownLabel.swift in Sources */ = {isa = PBXBuildFile; fileRef = 0F313C3A1DE2916400587DEC /* CountDownLabel.swift */; };
		0F35BA771DF3B7290052DDDA /* AutoCompleteTextField.swift in Sources */ = {isa = PBXBuildFile; fileRef = 0F35BA761DF3B7290052DDDA /* AutoCompleteTextField.swift */; };
		0F35BA791DF3C0E70052DDDA /* ExerciseNames.swift in Sources */ = {isa = PBXBuildFile; fileRef = 0F35BA781DF3C0E70052DDDA /* ExerciseNames.swift */; };
		0F6A75DA1DE1036D0053E567 /* Calendar.swift in Sources */ = {isa = PBXBuildFile; fileRef = 0F6A75D91DE1036D0053E567 /* Calendar.swift */; };
		0FF61F5C1DD7C57D002E6C58 /* Welcome.storyboard in Resources */ = {isa = PBXBuildFile; fileRef = 0FF61F5B1DD7C57D002E6C58 /* Welcome.storyboard */; };
		0FF61F5E1DD7D588002E6C58 /* Login.storyboard in Resources */ = {isa = PBXBuildFile; fileRef = 0FF61F5D1DD7D588002E6C58 /* Login.storyboard */; };
		0FF61F601DD7D5E6002E6C58 /* Signup.storyboard in Resources */ = {isa = PBXBuildFile; fileRef = 0FF61F5F1DD7D5E6002E6C58 /* Signup.storyboard */; };
		0FF61F621DD7D60A002E6C58 /* Home.storyboard in Resources */ = {isa = PBXBuildFile; fileRef = 0FF61F611DD7D60A002E6C58 /* Home.storyboard */; };
		0FF61F641DD7D65C002E6C58 /* Account.storyboard in Resources */ = {isa = PBXBuildFile; fileRef = 0FF61F631DD7D65C002E6C58 /* Account.storyboard */; };
		0FF61F661DD7D920002E6C58 /* Calendar.storyboard in Resources */ = {isa = PBXBuildFile; fileRef = 0FF61F651DD7D920002E6C58 /* Calendar.storyboard */; };
		0FF61F681DD7D94F002E6C58 /* MediaGallery.storyboard in Resources */ = {isa = PBXBuildFile; fileRef = 0FF61F671DD7D94F002E6C58 /* MediaGallery.storyboard */; };
		0FF61F6A1DD7D984002E6C58 /* RoutineList.storyboard in Resources */ = {isa = PBXBuildFile; fileRef = 0FF61F691DD7D984002E6C58 /* RoutineList.storyboard */; };
		0FF61F6C1DD7D9AA002E6C58 /* RoutineDetail.storyboard in Resources */ = {isa = PBXBuildFile; fileRef = 0FF61F6B1DD7D9AA002E6C58 /* RoutineDetail.storyboard */; };
		0FF61F6E1DD7DA21002E6C58 /* StepSlideShow.storyboard in Resources */ = {isa = PBXBuildFile; fileRef = 0FF61F6D1DD7DA21002E6C58 /* StepSlideShow.storyboard */; };
		0FF61F701DD7DA5B002E6C58 /* StepEdit.storyboard in Resources */ = {isa = PBXBuildFile; fileRef = 0FF61F6F1DD7DA5B002E6C58 /* StepEdit.storyboard */; };
		0FF61F721DD7DA81002E6C58 /* RoutineFinish.storyboard in Resources */ = {isa = PBXBuildFile; fileRef = 0FF61F711DD7DA81002E6C58 /* RoutineFinish.storyboard */; };
		0FF944751DF697A400A21D46 /* AnimatedTabBarController.swift in Sources */ = {isa = PBXBuildFile; fileRef = 0FF944741DF697A400A21D46 /* AnimatedTabBarController.swift */; };
		0FFAB4FC1DD6D665002C6644 /* WelcomeViewController.swift in Sources */ = {isa = PBXBuildFile; fileRef = 0FFAB4FB1DD6D665002C6644 /* WelcomeViewController.swift */; };
		0FFAB4FE1DD6D67E002C6644 /* LoginViewController.swift in Sources */ = {isa = PBXBuildFile; fileRef = 0FFAB4FD1DD6D67E002C6644 /* LoginViewController.swift */; };
		0FFAB5001DD6D68D002C6644 /* SignupViewController.swift in Sources */ = {isa = PBXBuildFile; fileRef = 0FFAB4FF1DD6D68D002C6644 /* SignupViewController.swift */; };
		0FFAB5021DD6D6A3002C6644 /* HomeViewController.swift in Sources */ = {isa = PBXBuildFile; fileRef = 0FFAB5011DD6D6A3002C6644 /* HomeViewController.swift */; };
		0FFAB5041DD6D6B6002C6644 /* CalendarViewController.swift in Sources */ = {isa = PBXBuildFile; fileRef = 0FFAB5031DD6D6B6002C6644 /* CalendarViewController.swift */; };
		0FFAB5061DD6D710002C6644 /* RoutineListViewController.swift in Sources */ = {isa = PBXBuildFile; fileRef = 0FFAB5051DD6D710002C6644 /* RoutineListViewController.swift */; };
		0FFAB5081DD6D7D5002C6644 /* RoutineDetailViewController.swift in Sources */ = {isa = PBXBuildFile; fileRef = 0FFAB5071DD6D7D5002C6644 /* RoutineDetailViewController.swift */; };
		0FFAB50A1DD6D855002C6644 /* StepSlideShowViewController.swift in Sources */ = {isa = PBXBuildFile; fileRef = 0FFAB5091DD6D855002C6644 /* StepSlideShowViewController.swift */; };
		0FFAB50C1DD6D9D5002C6644 /* StepEditViewController.swift in Sources */ = {isa = PBXBuildFile; fileRef = 0FFAB50B1DD6D9D5002C6644 /* StepEditViewController.swift */; };
		0FFAB50E1DD6DAB4002C6644 /* RoutineFinishViewController.swift in Sources */ = {isa = PBXBuildFile; fileRef = 0FFAB50D1DD6DAB4002C6644 /* RoutineFinishViewController.swift */; };
		0FFAB5101DD6DB0A002C6644 /* AccountViewController.swift in Sources */ = {isa = PBXBuildFile; fileRef = 0FFAB50F1DD6DB0A002C6644 /* AccountViewController.swift */; };
		0FFAB5121DD6DB8C002C6644 /* MediaGalleryViewController.swift in Sources */ = {isa = PBXBuildFile; fileRef = 0FFAB5111DD6DB8C002C6644 /* MediaGalleryViewController.swift */; };
		61B7A3651DEE756C008607E5 /* ExerciseTableViewCell.swift in Sources */ = {isa = PBXBuildFile; fileRef = 61B7A3641DEE756C008607E5 /* ExerciseTableViewCell.swift */; };
		61D1FD111DDAE79100ECF9AB /* APIClientConfig.swift in Sources */ = {isa = PBXBuildFile; fileRef = 61D1FD101DDAE79100ECF9AB /* APIClientConfig.swift */; };
		85A1828C1DDA8DB0002B1D1F /* RoutineRun.swift in Sources */ = {isa = PBXBuildFile; fileRef = 85A1828B1DDA8DB0002B1D1F /* RoutineRun.swift */; };
		85A1828E1DDA8F43002B1D1F /* Routine.swift in Sources */ = {isa = PBXBuildFile; fileRef = 85A1828D1DDA8F43002B1D1F /* Routine.swift */; };
		85A182901DDA9697002B1D1F /* Exercise.swift in Sources */ = {isa = PBXBuildFile; fileRef = 85A1828F1DDA9697002B1D1F /* Exercise.swift */; };
		AE0D42FD1DE2323500CE70ED /* User.swift in Sources */ = {isa = PBXBuildFile; fileRef = AE0D42FC1DE2323500CE70ED /* User.swift */; };
		AE0D43001DE4144000CE70ED /* RoutineTableViewCell.swift in Sources */ = {isa = PBXBuildFile; fileRef = AE0D42FF1DE4144000CE70ED /* RoutineTableViewCell.swift */; };
		AE68969F1DD7FE9F000B4AF2 /* ParseAPIClient.swift in Sources */ = {isa = PBXBuildFile; fileRef = AE68969E1DD7FE9F000B4AF2 /* ParseAPIClient.swift */; };
		AE6896A11DD80625000B4AF2 /* ParseUserAPIClient.swift in Sources */ = {isa = PBXBuildFile; fileRef = AE6896A01DD80625000B4AF2 /* ParseUserAPIClient.swift */; };
		AE6896A31DD807DC000B4AF2 /* UserDataModel.swift in Sources */ = {isa = PBXBuildFile; fileRef = AE6896A21DD807DC000B4AF2 /* UserDataModel.swift */; };
		AE6896A71DD8170E000B4AF2 /* PlanFitParseObject.swift in Sources */ = {isa = PBXBuildFile; fileRef = AE6896A61DD8170E000B4AF2 /* PlanFitParseObject.swift */; };
		E617171EEF6A67F187BE2490 /* Pods_Planfit.framework in Frameworks */ = {isa = PBXBuildFile; fileRef = DF14645EC1BEC0784D308F83 /* Pods_Planfit.framework */; };
/* End PBXBuildFile section */

/* Begin PBXFileReference section */
		0F2BE7081DD6D0D500D71039 /* Planfit.app */ = {isa = PBXFileReference; explicitFileType = wrapper.application; includeInIndex = 0; path = Planfit.app; sourceTree = BUILT_PRODUCTS_DIR; };
		0F2BE70B1DD6D0D600D71039 /* AppDelegate.swift */ = {isa = PBXFileReference; lastKnownFileType = sourcecode.swift; path = AppDelegate.swift; sourceTree = "<group>"; };
		0F2BE7121DD6D0D600D71039 /* Assets.xcassets */ = {isa = PBXFileReference; lastKnownFileType = folder.assetcatalog; path = Assets.xcassets; sourceTree = "<group>"; };
		0F2BE7151DD6D0D600D71039 /* Base */ = {isa = PBXFileReference; lastKnownFileType = file.storyboard; name = Base; path = Base.lproj/LaunchScreen.storyboard; sourceTree = "<group>"; };
		0F2BE7171DD6D0D600D71039 /* Info.plist */ = {isa = PBXFileReference; lastKnownFileType = text.plist.xml; path = Info.plist; sourceTree = "<group>"; };
		0F313C381DE1272B00587DEC /* PlannedDay.swift */ = {isa = PBXFileReference; fileEncoding = 4; lastKnownFileType = sourcecode.swift; path = PlannedDay.swift; sourceTree = "<group>"; };
		0F313C3A1DE2916400587DEC /* CountDownLabel.swift */ = {isa = PBXFileReference; fileEncoding = 4; lastKnownFileType = sourcecode.swift; path = CountDownLabel.swift; sourceTree = "<group>"; };
		0F35BA761DF3B7290052DDDA /* AutoCompleteTextField.swift */ = {isa = PBXFileReference; fileEncoding = 4; lastKnownFileType = sourcecode.swift; path = AutoCompleteTextField.swift; sourceTree = "<group>"; };
		0F35BA781DF3C0E70052DDDA /* ExerciseNames.swift */ = {isa = PBXFileReference; fileEncoding = 4; lastKnownFileType = sourcecode.swift; path = ExerciseNames.swift; sourceTree = "<group>"; };
		0F6A75D91DE1036D0053E567 /* Calendar.swift */ = {isa = PBXFileReference; fileEncoding = 4; lastKnownFileType = sourcecode.swift; path = Calendar.swift; sourceTree = "<group>"; };
		0FF61F5B1DD7C57D002E6C58 /* Welcome.storyboard */ = {isa = PBXFileReference; fileEncoding = 4; lastKnownFileType = file.storyboard; path = Welcome.storyboard; sourceTree = "<group>"; };
		0FF61F5D1DD7D588002E6C58 /* Login.storyboard */ = {isa = PBXFileReference; fileEncoding = 4; lastKnownFileType = file.storyboard; path = Login.storyboard; sourceTree = "<group>"; };
		0FF61F5F1DD7D5E6002E6C58 /* Signup.storyboard */ = {isa = PBXFileReference; fileEncoding = 4; lastKnownFileType = file.storyboard; path = Signup.storyboard; sourceTree = "<group>"; };
		0FF61F611DD7D60A002E6C58 /* Home.storyboard */ = {isa = PBXFileReference; fileEncoding = 4; lastKnownFileType = file.storyboard; path = Home.storyboard; sourceTree = "<group>"; };
		0FF61F631DD7D65C002E6C58 /* Account.storyboard */ = {isa = PBXFileReference; fileEncoding = 4; lastKnownFileType = file.storyboard; path = Account.storyboard; sourceTree = "<group>"; };
		0FF61F651DD7D920002E6C58 /* Calendar.storyboard */ = {isa = PBXFileReference; fileEncoding = 4; lastKnownFileType = file.storyboard; path = Calendar.storyboard; sourceTree = "<group>"; };
		0FF61F671DD7D94F002E6C58 /* MediaGallery.storyboard */ = {isa = PBXFileReference; fileEncoding = 4; lastKnownFileType = file.storyboard; path = MediaGallery.storyboard; sourceTree = "<group>"; };
		0FF61F691DD7D984002E6C58 /* RoutineList.storyboard */ = {isa = PBXFileReference; fileEncoding = 4; lastKnownFileType = file.storyboard; path = RoutineList.storyboard; sourceTree = "<group>"; };
		0FF61F6B1DD7D9AA002E6C58 /* RoutineDetail.storyboard */ = {isa = PBXFileReference; fileEncoding = 4; lastKnownFileType = file.storyboard; path = RoutineDetail.storyboard; sourceTree = "<group>"; };
		0FF61F6D1DD7DA21002E6C58 /* StepSlideShow.storyboard */ = {isa = PBXFileReference; fileEncoding = 4; lastKnownFileType = file.storyboard; path = StepSlideShow.storyboard; sourceTree = "<group>"; };
		0FF61F6F1DD7DA5B002E6C58 /* StepEdit.storyboard */ = {isa = PBXFileReference; fileEncoding = 4; lastKnownFileType = file.storyboard; path = StepEdit.storyboard; sourceTree = "<group>"; };
		0FF61F711DD7DA81002E6C58 /* RoutineFinish.storyboard */ = {isa = PBXFileReference; fileEncoding = 4; lastKnownFileType = file.storyboard; path = RoutineFinish.storyboard; sourceTree = "<group>"; };
		0FF944741DF697A400A21D46 /* AnimatedTabBarController.swift */ = {isa = PBXFileReference; fileEncoding = 4; lastKnownFileType = sourcecode.swift; path = AnimatedTabBarController.swift; sourceTree = "<group>"; };
		0FFAB4FB1DD6D665002C6644 /* WelcomeViewController.swift */ = {isa = PBXFileReference; fileEncoding = 4; lastKnownFileType = sourcecode.swift; path = WelcomeViewController.swift; sourceTree = "<group>"; };
		0FFAB4FD1DD6D67E002C6644 /* LoginViewController.swift */ = {isa = PBXFileReference; fileEncoding = 4; lastKnownFileType = sourcecode.swift; path = LoginViewController.swift; sourceTree = "<group>"; };
		0FFAB4FF1DD6D68D002C6644 /* SignupViewController.swift */ = {isa = PBXFileReference; fileEncoding = 4; lastKnownFileType = sourcecode.swift; path = SignupViewController.swift; sourceTree = "<group>"; };
		0FFAB5011DD6D6A3002C6644 /* HomeViewController.swift */ = {isa = PBXFileReference; fileEncoding = 4; lastKnownFileType = sourcecode.swift; path = HomeViewController.swift; sourceTree = "<group>"; };
		0FFAB5031DD6D6B6002C6644 /* CalendarViewController.swift */ = {isa = PBXFileReference; fileEncoding = 4; lastKnownFileType = sourcecode.swift; path = CalendarViewController.swift; sourceTree = "<group>"; };
		0FFAB5051DD6D710002C6644 /* RoutineListViewController.swift */ = {isa = PBXFileReference; fileEncoding = 4; lastKnownFileType = sourcecode.swift; path = RoutineListViewController.swift; sourceTree = "<group>"; };
		0FFAB5071DD6D7D5002C6644 /* RoutineDetailViewController.swift */ = {isa = PBXFileReference; fileEncoding = 4; lastKnownFileType = sourcecode.swift; path = RoutineDetailViewController.swift; sourceTree = "<group>"; };
		0FFAB5091DD6D855002C6644 /* StepSlideShowViewController.swift */ = {isa = PBXFileReference; fileEncoding = 4; lastKnownFileType = sourcecode.swift; path = StepSlideShowViewController.swift; sourceTree = "<group>"; };
		0FFAB50B1DD6D9D5002C6644 /* StepEditViewController.swift */ = {isa = PBXFileReference; fileEncoding = 4; lastKnownFileType = sourcecode.swift; path = StepEditViewController.swift; sourceTree = "<group>"; };
		0FFAB50D1DD6DAB4002C6644 /* RoutineFinishViewController.swift */ = {isa = PBXFileReference; fileEncoding = 4; lastKnownFileType = sourcecode.swift; path = RoutineFinishViewController.swift; sourceTree = "<group>"; };
		0FFAB50F1DD6DB0A002C6644 /* AccountViewController.swift */ = {isa = PBXFileReference; fileEncoding = 4; lastKnownFileType = sourcecode.swift; path = AccountViewController.swift; sourceTree = "<group>"; };
		0FFAB5111DD6DB8C002C6644 /* MediaGalleryViewController.swift */ = {isa = PBXFileReference; fileEncoding = 4; lastKnownFileType = sourcecode.swift; path = MediaGalleryViewController.swift; sourceTree = "<group>"; };
		4522442C6E0A4B226D3B8EAB /* Pods-Planfit.release.xcconfig */ = {isa = PBXFileReference; includeInIndex = 1; lastKnownFileType = text.xcconfig; name = "Pods-Planfit.release.xcconfig"; path = "Pods/Target Support Files/Pods-Planfit/Pods-Planfit.release.xcconfig"; sourceTree = "<group>"; };
		61B7A3641DEE756C008607E5 /* ExerciseTableViewCell.swift */ = {isa = PBXFileReference; fileEncoding = 4; lastKnownFileType = sourcecode.swift; path = ExerciseTableViewCell.swift; sourceTree = "<group>"; };
		61D1FD101DDAE79100ECF9AB /* APIClientConfig.swift */ = {isa = PBXFileReference; fileEncoding = 4; lastKnownFileType = sourcecode.swift; path = APIClientConfig.swift; sourceTree = "<group>"; };
		854FEE3B9EE693EB2659E254 /* Pods-Planfit.debug.xcconfig */ = {isa = PBXFileReference; includeInIndex = 1; lastKnownFileType = text.xcconfig; name = "Pods-Planfit.debug.xcconfig"; path = "Pods/Target Support Files/Pods-Planfit/Pods-Planfit.debug.xcconfig"; sourceTree = "<group>"; };
		85A1828B1DDA8DB0002B1D1F /* RoutineRun.swift */ = {isa = PBXFileReference; fileEncoding = 4; lastKnownFileType = sourcecode.swift; path = RoutineRun.swift; sourceTree = "<group>"; };
		85A1828D1DDA8F43002B1D1F /* Routine.swift */ = {isa = PBXFileReference; fileEncoding = 4; lastKnownFileType = sourcecode.swift; path = Routine.swift; sourceTree = "<group>"; };
		85A1828F1DDA9697002B1D1F /* Exercise.swift */ = {isa = PBXFileReference; fileEncoding = 4; lastKnownFileType = sourcecode.swift; path = Exercise.swift; sourceTree = "<group>"; };
		AE0D42FC1DE2323500CE70ED /* User.swift */ = {isa = PBXFileReference; fileEncoding = 4; lastKnownFileType = sourcecode.swift; path = User.swift; sourceTree = "<group>"; };
		AE0D42FF1DE4144000CE70ED /* RoutineTableViewCell.swift */ = {isa = PBXFileReference; fileEncoding = 4; lastKnownFileType = sourcecode.swift; path = RoutineTableViewCell.swift; sourceTree = "<group>"; };
		AE68969E1DD7FE9F000B4AF2 /* ParseAPIClient.swift */ = {isa = PBXFileReference; fileEncoding = 4; lastKnownFileType = sourcecode.swift; path = ParseAPIClient.swift; sourceTree = "<group>"; };
		AE6896A01DD80625000B4AF2 /* ParseUserAPIClient.swift */ = {isa = PBXFileReference; fileEncoding = 4; lastKnownFileType = sourcecode.swift; path = ParseUserAPIClient.swift; sourceTree = "<group>"; };
		AE6896A21DD807DC000B4AF2 /* UserDataModel.swift */ = {isa = PBXFileReference; fileEncoding = 4; lastKnownFileType = sourcecode.swift; path = UserDataModel.swift; sourceTree = "<group>"; };
		AE6896A61DD8170E000B4AF2 /* PlanFitParseObject.swift */ = {isa = PBXFileReference; fileEncoding = 4; lastKnownFileType = sourcecode.swift; path = PlanFitParseObject.swift; sourceTree = "<group>"; };
		DF14645EC1BEC0784D308F83 /* Pods_Planfit.framework */ = {isa = PBXFileReference; explicitFileType = wrapper.framework; includeInIndex = 0; path = Pods_Planfit.framework; sourceTree = BUILT_PRODUCTS_DIR; };
/* End PBXFileReference section */

/* Begin PBXFrameworksBuildPhase section */
		0F2BE7051DD6D0D500D71039 /* Frameworks */ = {
			isa = PBXFrameworksBuildPhase;
			buildActionMask = 2147483647;
			files = (
				E617171EEF6A67F187BE2490 /* Pods_Planfit.framework in Frameworks */,
			);
			runOnlyForDeploymentPostprocessing = 0;
		};
/* End PBXFrameworksBuildPhase section */

/* Begin PBXGroup section */
		0F2BE6FF1DD6D0D500D71039 = {
			isa = PBXGroup;
			children = (
				0F2BE70A1DD6D0D500D71039 /* Planfit */,
				0F2BE7091DD6D0D500D71039 /* Products */,
				E0555006E494C6D0F88B1F07 /* Pods */,
				6B6CFBA5905C9BF2E6C9883C /* Frameworks */,
			);
			sourceTree = "<group>";
		};
		0F2BE7091DD6D0D500D71039 /* Products */ = {
			isa = PBXGroup;
			children = (
				0F2BE7081DD6D0D500D71039 /* Planfit.app */,
			);
			name = Products;
			sourceTree = "<group>";
		};
		0F2BE70A1DD6D0D500D71039 /* Planfit */ = {
			isa = PBXGroup;
			children = (
				AE0D42FE1DE4141F00CE70ED /* Views */,
				61D1FD0F1DDAE76600ECF9AB /* DataModels */,
				AE68969D1DD7FE83000B4AF2 /* API */,
				0FF61F5A1DD7C556002E6C58 /* Storyboards */,
				0FFAB4FA1DD6D627002C6644 /* Models */,
				0FFAB4F91DD6D5F8002C6644 /* ViewControllers */,
				0F2BE70B1DD6D0D600D71039 /* AppDelegate.swift */,
				0F2BE7121DD6D0D600D71039 /* Assets.xcassets */,
				0F2BE7141DD6D0D600D71039 /* LaunchScreen.storyboard */,
				0F2BE7171DD6D0D600D71039 /* Info.plist */,
				0F35BA761DF3B7290052DDDA /* AutoCompleteTextField.swift */,
				0F313C3A1DE2916400587DEC /* CountDownLabel.swift */,
				0F35BA781DF3C0E70052DDDA /* ExerciseNames.swift */,
				0FF944741DF697A400A21D46 /* AnimatedTabBarController.swift */,
			);
			path = Planfit;
			sourceTree = "<group>";
		};
		0FF61F5A1DD7C556002E6C58 /* Storyboards */ = {
			isa = PBXGroup;
			children = (
				0FF61F711DD7DA81002E6C58 /* RoutineFinish.storyboard */,
				0FF61F6F1DD7DA5B002E6C58 /* StepEdit.storyboard */,
				0FF61F6D1DD7DA21002E6C58 /* StepSlideShow.storyboard */,
				0FF61F6B1DD7D9AA002E6C58 /* RoutineDetail.storyboard */,
				0FF61F691DD7D984002E6C58 /* RoutineList.storyboard */,
				0FF61F671DD7D94F002E6C58 /* MediaGallery.storyboard */,
				0FF61F651DD7D920002E6C58 /* Calendar.storyboard */,
				0FF61F631DD7D65C002E6C58 /* Account.storyboard */,
				0FF61F611DD7D60A002E6C58 /* Home.storyboard */,
				0FF61F5F1DD7D5E6002E6C58 /* Signup.storyboard */,
				0FF61F5D1DD7D588002E6C58 /* Login.storyboard */,
				0FF61F5B1DD7C57D002E6C58 /* Welcome.storyboard */,
			);
			name = Storyboards;
			sourceTree = "<group>";
		};
		0FFAB4F91DD6D5F8002C6644 /* ViewControllers */ = {
			isa = PBXGroup;
			children = (
				0FFAB4FB1DD6D665002C6644 /* WelcomeViewController.swift */,
				0FFAB4FD1DD6D67E002C6644 /* LoginViewController.swift */,
				0FFAB4FF1DD6D68D002C6644 /* SignupViewController.swift */,
				0FFAB5011DD6D6A3002C6644 /* HomeViewController.swift */,
				0FFAB5031DD6D6B6002C6644 /* CalendarViewController.swift */,
				0FFAB5051DD6D710002C6644 /* RoutineListViewController.swift */,
				0FFAB5071DD6D7D5002C6644 /* RoutineDetailViewController.swift */,
				0FFAB50D1DD6DAB4002C6644 /* RoutineFinishViewController.swift */,
				0FFAB5091DD6D855002C6644 /* StepSlideShowViewController.swift */,
				0FFAB50B1DD6D9D5002C6644 /* StepEditViewController.swift */,
				0FFAB50F1DD6DB0A002C6644 /* AccountViewController.swift */,
				0FFAB5111DD6DB8C002C6644 /* MediaGalleryViewController.swift */,
			);
			name = ViewControllers;
			sourceTree = "<group>";
		};
		0FFAB4FA1DD6D627002C6644 /* Models */ = {
			isa = PBXGroup;
			children = (
				85A1828B1DDA8DB0002B1D1F /* RoutineRun.swift */,
				85A1828D1DDA8F43002B1D1F /* Routine.swift */,
				85A1828F1DDA9697002B1D1F /* Exercise.swift */,
				AE0D42FC1DE2323500CE70ED /* User.swift */,
				0F6A75D91DE1036D0053E567 /* Calendar.swift */,
				0F313C381DE1272B00587DEC /* PlannedDay.swift */,
			);
			name = Models;
			sourceTree = "<group>";
		};
		61D1FD0F1DDAE76600ECF9AB /* DataModels */ = {
			isa = PBXGroup;
			children = (
				AE6896A21DD807DC000B4AF2 /* UserDataModel.swift */,
			);
			name = DataModels;
			sourceTree = "<group>";
		};
		6B6CFBA5905C9BF2E6C9883C /* Frameworks */ = {
			isa = PBXGroup;
			children = (
				DF14645EC1BEC0784D308F83 /* Pods_Planfit.framework */,
			);
			name = Frameworks;
			sourceTree = "<group>";
		};
		AE0D42FE1DE4141F00CE70ED /* Views */ = {
			isa = PBXGroup;
			children = (
				AE0D42FF1DE4144000CE70ED /* RoutineTableViewCell.swift */,
				61B7A3641DEE756C008607E5 /* ExerciseTableViewCell.swift */,
			);
			name = Views;
			sourceTree = "<group>";
		};
		AE68969D1DD7FE83000B4AF2 /* API */ = {
			isa = PBXGroup;
			children = (
				AE68969E1DD7FE9F000B4AF2 /* ParseAPIClient.swift */,
				AE6896A01DD80625000B4AF2 /* ParseUserAPIClient.swift */,
				AE6896A61DD8170E000B4AF2 /* PlanFitParseObject.swift */,
				61D1FD101DDAE79100ECF9AB /* APIClientConfig.swift */,
			);
			name = API;
			sourceTree = "<group>";
		};
		E0555006E494C6D0F88B1F07 /* Pods */ = {
			isa = PBXGroup;
			children = (
				854FEE3B9EE693EB2659E254 /* Pods-Planfit.debug.xcconfig */,
				4522442C6E0A4B226D3B8EAB /* Pods-Planfit.release.xcconfig */,
			);
			name = Pods;
			sourceTree = "<group>";
		};
/* End PBXGroup section */

/* Begin PBXNativeTarget section */
		0F2BE7071DD6D0D500D71039 /* Planfit */ = {
			isa = PBXNativeTarget;
			buildConfigurationList = 0F2BE71A1DD6D0D600D71039 /* Build configuration list for PBXNativeTarget "Planfit" */;
			buildPhases = (
				170F923ACAD8C037B5381A42 /* [CP] Check Pods Manifest.lock */,
				0F2BE7041DD6D0D500D71039 /* Sources */,
				0F2BE7051DD6D0D500D71039 /* Frameworks */,
				0F2BE7061DD6D0D500D71039 /* Resources */,
				4FFE580ACDDC5B689F9313F5 /* [CP] Embed Pods Frameworks */,
				27EC3E063CA2F137EE5DB847 /* [CP] Copy Pods Resources */,
			);
			buildRules = (
			);
			dependencies = (
			);
			name = Planfit;
			productName = Planfit;
			productReference = 0F2BE7081DD6D0D500D71039 /* Planfit.app */;
			productType = "com.apple.product-type.application";
		};
/* End PBXNativeTarget section */

/* Begin PBXProject section */
		0F2BE7001DD6D0D500D71039 /* Project object */ = {
			isa = PBXProject;
			attributes = {
				LastSwiftUpdateCheck = 0800;
				LastUpgradeCheck = 0800;
				ORGANIZATIONNAME = Planfit;
				TargetAttributes = {
					0F2BE7071DD6D0D500D71039 = {
						CreatedOnToolsVersion = 8.0;
						ProvisioningStyle = Automatic;
					};
				};
			};
			buildConfigurationList = 0F2BE7031DD6D0D500D71039 /* Build configuration list for PBXProject "Planfit" */;
			compatibilityVersion = "Xcode 3.2";
			developmentRegion = English;
			hasScannedForEncodings = 0;
			knownRegions = (
				en,
				Base,
			);
			mainGroup = 0F2BE6FF1DD6D0D500D71039;
			productRefGroup = 0F2BE7091DD6D0D500D71039 /* Products */;
			projectDirPath = "";
			projectRoot = "";
			targets = (
				0F2BE7071DD6D0D500D71039 /* Planfit */,
			);
		};
/* End PBXProject section */

/* Begin PBXResourcesBuildPhase section */
		0F2BE7061DD6D0D500D71039 /* Resources */ = {
			isa = PBXResourcesBuildPhase;
			buildActionMask = 2147483647;
			files = (
				0FF61F721DD7DA81002E6C58 /* RoutineFinish.storyboard in Resources */,
				0FF61F661DD7D920002E6C58 /* Calendar.storyboard in Resources */,
				0FF61F621DD7D60A002E6C58 /* Home.storyboard in Resources */,
				0F2BE7161DD6D0D600D71039 /* LaunchScreen.storyboard in Resources */,
				0FF61F5C1DD7C57D002E6C58 /* Welcome.storyboard in Resources */,
				0F2BE7131DD6D0D600D71039 /* Assets.xcassets in Resources */,
				0FF61F5E1DD7D588002E6C58 /* Login.storyboard in Resources */,
				0FF61F601DD7D5E6002E6C58 /* Signup.storyboard in Resources */,
				0FF61F641DD7D65C002E6C58 /* Account.storyboard in Resources */,
				0FF61F701DD7DA5B002E6C58 /* StepEdit.storyboard in Resources */,
				0FF61F6C1DD7D9AA002E6C58 /* RoutineDetail.storyboard in Resources */,
				0FF61F6A1DD7D984002E6C58 /* RoutineList.storyboard in Resources */,
				0FF61F681DD7D94F002E6C58 /* MediaGallery.storyboard in Resources */,
				0FF61F6E1DD7DA21002E6C58 /* StepSlideShow.storyboard in Resources */,
			);
			runOnlyForDeploymentPostprocessing = 0;
		};
/* End PBXResourcesBuildPhase section */

/* Begin PBXShellScriptBuildPhase section */
		170F923ACAD8C037B5381A42 /* [CP] Check Pods Manifest.lock */ = {
			isa = PBXShellScriptBuildPhase;
			buildActionMask = 2147483647;
			files = (
			);
			inputPaths = (
			);
			name = "[CP] Check Pods Manifest.lock";
			outputPaths = (
			);
			runOnlyForDeploymentPostprocessing = 0;
			shellPath = /bin/sh;
			shellScript = "diff \"${PODS_ROOT}/../Podfile.lock\" \"${PODS_ROOT}/Manifest.lock\" > /dev/null\nif [ $? != 0 ] ; then\n    # print error to STDERR\n    echo \"error: The sandbox is not in sync with the Podfile.lock. Run 'pod install' or update your CocoaPods installation.\" >&2\n    exit 1\nfi\n";
			showEnvVarsInLog = 0;
		};
		27EC3E063CA2F137EE5DB847 /* [CP] Copy Pods Resources */ = {
			isa = PBXShellScriptBuildPhase;
			buildActionMask = 2147483647;
			files = (
			);
			inputPaths = (
			);
			name = "[CP] Copy Pods Resources";
			outputPaths = (
			);
			runOnlyForDeploymentPostprocessing = 0;
			shellPath = /bin/sh;
			shellScript = "\"${SRCROOT}/Pods/Target Support Files/Pods-Planfit/Pods-Planfit-resources.sh\"\n";
			showEnvVarsInLog = 0;
		};
		4FFE580ACDDC5B689F9313F5 /* [CP] Embed Pods Frameworks */ = {
			isa = PBXShellScriptBuildPhase;
			buildActionMask = 2147483647;
			files = (
			);
			inputPaths = (
			);
			name = "[CP] Embed Pods Frameworks";
			outputPaths = (
			);
			runOnlyForDeploymentPostprocessing = 0;
			shellPath = /bin/sh;
			shellScript = "\"${SRCROOT}/Pods/Target Support Files/Pods-Planfit/Pods-Planfit-frameworks.sh\"\n";
			showEnvVarsInLog = 0;
		};
/* End PBXShellScriptBuildPhase section */

/* Begin PBXSourcesBuildPhase section */
		0F2BE7041DD6D0D500D71039 /* Sources */ = {
			isa = PBXSourcesBuildPhase;
			buildActionMask = 2147483647;
			files = (
				85A1828C1DDA8DB0002B1D1F /* RoutineRun.swift in Sources */,
				85A182901DDA9697002B1D1F /* Exercise.swift in Sources */,
				0F35BA791DF3C0E70052DDDA /* ExerciseNames.swift in Sources */,
				0F6A75DA1DE1036D0053E567 /* Calendar.swift in Sources */,
				AE0D43001DE4144000CE70ED /* RoutineTableViewCell.swift in Sources */,
				0FFAB4FE1DD6D67E002C6644 /* LoginViewController.swift in Sources */,
				0FFAB4FC1DD6D665002C6644 /* WelcomeViewController.swift in Sources */,
				0FFAB5101DD6DB0A002C6644 /* AccountViewController.swift in Sources */,
				0FFAB50E1DD6DAB4002C6644 /* RoutineFinishViewController.swift in Sources */,
				AE6896A31DD807DC000B4AF2 /* UserDataModel.swift in Sources */,
				0F35BA771DF3B7290052DDDA /* AutoCompleteTextField.swift in Sources */,
				0FFAB5081DD6D7D5002C6644 /* RoutineDetailViewController.swift in Sources */,
				0FFAB5001DD6D68D002C6644 /* SignupViewController.swift in Sources */,
				AE0D42FD1DE2323500CE70ED /* User.swift in Sources */,
				0FF944751DF697A400A21D46 /* AnimatedTabBarController.swift in Sources */,
				0FFAB5061DD6D710002C6644 /* RoutineListViewController.swift in Sources */,
				0FFAB50A1DD6D855002C6644 /* StepSlideShowViewController.swift in Sources */,
				61D1FD111DDAE79100ECF9AB /* APIClientConfig.swift in Sources */,
				61B7A3651DEE756C008607E5 /* ExerciseTableViewCell.swift in Sources */,
				AE6896A11DD80625000B4AF2 /* ParseUserAPIClient.swift in Sources */,
				0F2BE70C1DD6D0D600D71039 /* AppDelegate.swift in Sources */,
				0FFAB5041DD6D6B6002C6644 /* CalendarViewController.swift in Sources */,
				0FFAB50C1DD6D9D5002C6644 /* StepEditViewController.swift in Sources */,
				0F313C391DE1272B00587DEC /* PlannedDay.swift in Sources */,
				AE68969F1DD7FE9F000B4AF2 /* ParseAPIClient.swift in Sources */,
				0FFAB5121DD6DB8C002C6644 /* MediaGalleryViewController.swift in Sources */,
				0F313C3B1DE2916400587DEC /* CountDownLabel.swift in Sources */,
				85A1828E1DDA8F43002B1D1F /* Routine.swift in Sources */,
				0FFAB5021DD6D6A3002C6644 /* HomeViewController.swift in Sources */,
				AE6896A71DD8170E000B4AF2 /* PlanFitParseObject.swift in Sources */,
			);
			runOnlyForDeploymentPostprocessing = 0;
		};
/* End PBXSourcesBuildPhase section */

/* Begin PBXVariantGroup section */
		0F2BE7141DD6D0D600D71039 /* LaunchScreen.storyboard */ = {
			isa = PBXVariantGroup;
			children = (
				0F2BE7151DD6D0D600D71039 /* Base */,
			);
			name = LaunchScreen.storyboard;
			sourceTree = "<group>";
		};
/* End PBXVariantGroup section */

/* Begin XCBuildConfiguration section */
		0F2BE7181DD6D0D600D71039 /* Debug */ = {
			isa = XCBuildConfiguration;
			buildSettings = {
				ALWAYS_SEARCH_USER_PATHS = NO;
				CLANG_ANALYZER_NONNULL = YES;
				CLANG_CXX_LANGUAGE_STANDARD = "gnu++0x";
				CLANG_CXX_LIBRARY = "libc++";
				CLANG_ENABLE_MODULES = YES;
				CLANG_ENABLE_OBJC_ARC = YES;
				CLANG_WARN_BOOL_CONVERSION = YES;
				CLANG_WARN_CONSTANT_CONVERSION = YES;
				CLANG_WARN_DIRECT_OBJC_ISA_USAGE = YES_ERROR;
				CLANG_WARN_DOCUMENTATION_COMMENTS = YES;
				CLANG_WARN_EMPTY_BODY = YES;
				CLANG_WARN_ENUM_CONVERSION = YES;
				CLANG_WARN_INFINITE_RECURSION = YES;
				CLANG_WARN_INT_CONVERSION = YES;
				CLANG_WARN_OBJC_ROOT_CLASS = YES_ERROR;
				CLANG_WARN_SUSPICIOUS_MOVES = YES;
				CLANG_WARN_UNREACHABLE_CODE = YES;
				CLANG_WARN__DUPLICATE_METHOD_MATCH = YES;
				"CODE_SIGN_IDENTITY[sdk=iphoneos*]" = "iPhone Developer";
				COPY_PHASE_STRIP = NO;
				DEBUG_INFORMATION_FORMAT = dwarf;
				ENABLE_STRICT_OBJC_MSGSEND = YES;
				ENABLE_TESTABILITY = YES;
				GCC_C_LANGUAGE_STANDARD = gnu99;
				GCC_DYNAMIC_NO_PIC = NO;
				GCC_NO_COMMON_BLOCKS = YES;
				GCC_OPTIMIZATION_LEVEL = 0;
				GCC_PREPROCESSOR_DEFINITIONS = (
					"DEBUG=1",
					"$(inherited)",
				);
				GCC_WARN_64_TO_32_BIT_CONVERSION = YES;
				GCC_WARN_ABOUT_RETURN_TYPE = YES_ERROR;
				GCC_WARN_UNDECLARED_SELECTOR = YES;
				GCC_WARN_UNINITIALIZED_AUTOS = YES_AGGRESSIVE;
				GCC_WARN_UNUSED_FUNCTION = YES;
				GCC_WARN_UNUSED_VARIABLE = YES;
				IPHONEOS_DEPLOYMENT_TARGET = 10.0;
				MTL_ENABLE_DEBUG_INFO = YES;
				ONLY_ACTIVE_ARCH = YES;
				SDKROOT = iphoneos;
				SWIFT_ACTIVE_COMPILATION_CONDITIONS = DEBUG;
				SWIFT_OPTIMIZATION_LEVEL = "-Onone";
				TARGETED_DEVICE_FAMILY = "1,2";
			};
			name = Debug;
		};
		0F2BE7191DD6D0D600D71039 /* Release */ = {
			isa = XCBuildConfiguration;
			buildSettings = {
				ALWAYS_SEARCH_USER_PATHS = NO;
				CLANG_ANALYZER_NONNULL = YES;
				CLANG_CXX_LANGUAGE_STANDARD = "gnu++0x";
				CLANG_CXX_LIBRARY = "libc++";
				CLANG_ENABLE_MODULES = YES;
				CLANG_ENABLE_OBJC_ARC = YES;
				CLANG_WARN_BOOL_CONVERSION = YES;
				CLANG_WARN_CONSTANT_CONVERSION = YES;
				CLANG_WARN_DIRECT_OBJC_ISA_USAGE = YES_ERROR;
				CLANG_WARN_DOCUMENTATION_COMMENTS = YES;
				CLANG_WARN_EMPTY_BODY = YES;
				CLANG_WARN_ENUM_CONVERSION = YES;
				CLANG_WARN_INFINITE_RECURSION = YES;
				CLANG_WARN_INT_CONVERSION = YES;
				CLANG_WARN_OBJC_ROOT_CLASS = YES_ERROR;
				CLANG_WARN_SUSPICIOUS_MOVES = YES;
				CLANG_WARN_UNREACHABLE_CODE = YES;
				CLANG_WARN__DUPLICATE_METHOD_MATCH = YES;
				"CODE_SIGN_IDENTITY[sdk=iphoneos*]" = "iPhone Developer";
				COPY_PHASE_STRIP = NO;
				DEBUG_INFORMATION_FORMAT = "dwarf-with-dsym";
				ENABLE_NS_ASSERTIONS = NO;
				ENABLE_STRICT_OBJC_MSGSEND = YES;
				GCC_C_LANGUAGE_STANDARD = gnu99;
				GCC_NO_COMMON_BLOCKS = YES;
				GCC_WARN_64_TO_32_BIT_CONVERSION = YES;
				GCC_WARN_ABOUT_RETURN_TYPE = YES_ERROR;
				GCC_WARN_UNDECLARED_SELECTOR = YES;
				GCC_WARN_UNINITIALIZED_AUTOS = YES_AGGRESSIVE;
				GCC_WARN_UNUSED_FUNCTION = YES;
				GCC_WARN_UNUSED_VARIABLE = YES;
				IPHONEOS_DEPLOYMENT_TARGET = 10.0;
				MTL_ENABLE_DEBUG_INFO = NO;
				SDKROOT = iphoneos;
				SWIFT_OPTIMIZATION_LEVEL = "-Owholemodule";
				TARGETED_DEVICE_FAMILY = "1,2";
				VALIDATE_PRODUCT = YES;
			};
			name = Release;
		};
		0F2BE71B1DD6D0D600D71039 /* Debug */ = {
			isa = XCBuildConfiguration;
			baseConfigurationReference = 854FEE3B9EE693EB2659E254 /* Pods-Planfit.debug.xcconfig */;
			buildSettings = {
				ASSETCATALOG_COMPILER_APPICON_NAME = AppIcon;
				INFOPLIST_FILE = Planfit/Info.plist;
				LD_RUNPATH_SEARCH_PATHS = "$(inherited) @executable_path/Frameworks";
				PRODUCT_BUNDLE_IDENTIFIER = Planfit.Planfit;
				PRODUCT_NAME = "$(TARGET_NAME)";
				SWIFT_VERSION = 3.0;
			};
			name = Debug;
		};
		0F2BE71C1DD6D0D600D71039 /* Release */ = {
			isa = XCBuildConfiguration;
			baseConfigurationReference = 4522442C6E0A4B226D3B8EAB /* Pods-Planfit.release.xcconfig */;
			buildSettings = {
				ASSETCATALOG_COMPILER_APPICON_NAME = AppIcon;
				INFOPLIST_FILE = Planfit/Info.plist;
				LD_RUNPATH_SEARCH_PATHS = "$(inherited) @executable_path/Frameworks";
				PRODUCT_BUNDLE_IDENTIFIER = Planfit.Planfit;
				PRODUCT_NAME = "$(TARGET_NAME)";
				SWIFT_VERSION = 3.0;
			};
			name = Release;
		};
/* End XCBuildConfiguration section */

/* Begin XCConfigurationList section */
		0F2BE7031DD6D0D500D71039 /* Build configuration list for PBXProject "Planfit" */ = {
			isa = XCConfigurationList;
			buildConfigurations = (
				0F2BE7181DD6D0D600D71039 /* Debug */,
				0F2BE7191DD6D0D600D71039 /* Release */,
			);
			defaultConfigurationIsVisible = 0;
			defaultConfigurationName = Release;
		};
		0F2BE71A1DD6D0D600D71039 /* Build configuration list for PBXNativeTarget "Planfit" */ = {
			isa = XCConfigurationList;
			buildConfigurations = (
				0F2BE71B1DD6D0D600D71039 /* Debug */,
				0F2BE71C1DD6D0D600D71039 /* Release */,
			);
			defaultConfigurationIsVisible = 0;
			defaultConfigurationName = Release;
		};
/* End XCConfigurationList section */
	};
	rootObject = 0F2BE7001DD6D0D500D71039 /* Project object */;
}
